// !$*UTF8*$!
{
	archiveVersion = 1;
	classes = {
	};
	objectVersion = 50;
	objects = {

/* Begin PBXBuildFile section */
		0D9C30742088E4AC00DA5913 /* AppDelegate.m in Sources */ = {isa = PBXBuildFile; fileRef = 0D9C30732088E4AC00DA5913 /* AppDelegate.m */; };
		0D9C30772088E4AC00DA5913 /* ViewController.m in Sources */ = {isa = PBXBuildFile; fileRef = 0D9C30762088E4AC00DA5913 /* ViewController.m */; };
		0D9C307A2088E4AC00DA5913 /* Main.storyboard in Resources */ = {isa = PBXBuildFile; fileRef = 0D9C30782088E4AC00DA5913 /* Main.storyboard */; };
		0D9C307C2088E4AD00DA5913 /* Assets.xcassets in Resources */ = {isa = PBXBuildFile; fileRef = 0D9C307B2088E4AD00DA5913 /* Assets.xcassets */; };
		0D9C307F2088E4AD00DA5913 /* LaunchScreen.storyboard in Resources */ = {isa = PBXBuildFile; fileRef = 0D9C307D2088E4AD00DA5913 /* LaunchScreen.storyboard */; };
		0D9C30822088E4AD00DA5913 /* main.m in Sources */ = {isa = PBXBuildFile; fileRef = 0D9C30812088E4AD00DA5913 /* main.m */; };
		0D9C308C2088E4AD00DA5913 /* XKSafeCrashDemoTests.m in Sources */ = {isa = PBXBuildFile; fileRef = 0D9C308B2088E4AD00DA5913 /* XKSafeCrashDemoTests.m */; };
		0D9C30972088E4AD00DA5913 /* XKSafeCrashDemoUITests.m in Sources */ = {isa = PBXBuildFile; fileRef = 0D9C30962088E4AD00DA5913 /* XKSafeCrashDemoUITests.m */; };
		0D9C30AB2088E52C00DA5913 /* NSObject+XKSafe.m in Sources */ = {isa = PBXBuildFile; fileRef = 0D9C30A72088E52C00DA5913 /* NSObject+XKSafe.m */; };
		0D9C30AC2088E52C00DA5913 /* NSArray+XKSafe.m in Sources */ = {isa = PBXBuildFile; fileRef = 0D9C30AA2088E52C00DA5913 /* NSArray+XKSafe.m */; };
/* End PBXBuildFile section */

/* Begin PBXContainerItemProxy section */
		0D9C30882088E4AD00DA5913 /* PBXContainerItemProxy */ = {
			isa = PBXContainerItemProxy;
			containerPortal = 0D9C30672088E4AC00DA5913 /* Project object */;
			proxyType = 1;
			remoteGlobalIDString = 0D9C306E2088E4AC00DA5913;
			remoteInfo = XKSafeCrashDemo;
		};
		0D9C30932088E4AD00DA5913 /* PBXContainerItemProxy */ = {
			isa = PBXContainerItemProxy;
			containerPortal = 0D9C30672088E4AC00DA5913 /* Project object */;
			proxyType = 1;
			remoteGlobalIDString = 0D9C306E2088E4AC00DA5913;
			remoteInfo = XKSafeCrashDemo;
		};
/* End PBXContainerItemProxy section */

/* Begin PBXFileReference section */
		0D9C306F2088E4AC00DA5913 /* XKSafeCrashDemo.app */ = {isa = PBXFileReference; explicitFileType = wrapper.application; includeInIndex = 0; path = XKSafeCrashDemo.app; sourceTree = BUILT_PRODUCTS_DIR; };
		0D9C30722088E4AC00DA5913 /* AppDelegate.h */ = {isa = PBXFileReference; lastKnownFileType = sourcecode.c.h; path = AppDelegate.h; sourceTree = "<group>"; };
		0D9C30732088E4AC00DA5913 /* AppDelegate.m */ = {isa = PBXFileReference; lastKnownFileType = sourcecode.c.objc; path = AppDelegate.m; sourceTree = "<group>"; };
		0D9C30752088E4AC00DA5913 /* ViewController.h */ = {isa = PBXFileReference; lastKnownFileType = sourcecode.c.h; path = ViewController.h; sourceTree = "<group>"; };
		0D9C30762088E4AC00DA5913 /* ViewController.m */ = {isa = PBXFileReference; lastKnownFileType = sourcecode.c.objc; path = ViewController.m; sourceTree = "<group>"; };
		0D9C30792088E4AC00DA5913 /* Base */ = {isa = PBXFileReference; lastKnownFileType = file.storyboard; name = Base; path = Base.lproj/Main.storyboard; sourceTree = "<group>"; };
		0D9C307B2088E4AD00DA5913 /* Assets.xcassets */ = {isa = PBXFileReference; lastKnownFileType = folder.assetcatalog; path = Assets.xcassets; sourceTree = "<group>"; };
		0D9C307E2088E4AD00DA5913 /* Base */ = {isa = PBXFileReference; lastKnownFileType = file.storyboard; name = Base; path = Base.lproj/LaunchScreen.storyboard; sourceTree = "<group>"; };
		0D9C30802088E4AD00DA5913 /* Info.plist */ = {isa = PBXFileReference; lastKnownFileType = text.plist.xml; path = Info.plist; sourceTree = "<group>"; };
		0D9C30812088E4AD00DA5913 /* main.m */ = {isa = PBXFileReference; lastKnownFileType = sourcecode.c.objc; path = main.m; sourceTree = "<group>"; };
		0D9C30872088E4AD00DA5913 /* XKSafeCrashDemoTests.xctest */ = {isa = PBXFileReference; explicitFileType = wrapper.cfbundle; includeInIndex = 0; path = XKSafeCrashDemoTests.xctest; sourceTree = BUILT_PRODUCTS_DIR; };
		0D9C308B2088E4AD00DA5913 /* XKSafeCrashDemoTests.m */ = {isa = PBXFileReference; lastKnownFileType = sourcecode.c.objc; path = XKSafeCrashDemoTests.m; sourceTree = "<group>"; };
		0D9C308D2088E4AD00DA5913 /* Info.plist */ = {isa = PBXFileReference; lastKnownFileType = text.plist.xml; path = Info.plist; sourceTree = "<group>"; };
		0D9C30922088E4AD00DA5913 /* XKSafeCrashDemoUITests.xctest */ = {isa = PBXFileReference; explicitFileType = wrapper.cfbundle; includeInIndex = 0; path = XKSafeCrashDemoUITests.xctest; sourceTree = BUILT_PRODUCTS_DIR; };
		0D9C30962088E4AD00DA5913 /* XKSafeCrashDemoUITests.m */ = {isa = PBXFileReference; lastKnownFileType = sourcecode.c.objc; path = XKSafeCrashDemoUITests.m; sourceTree = "<group>"; };
		0D9C30982088E4AD00DA5913 /* Info.plist */ = {isa = PBXFileReference; lastKnownFileType = text.plist.xml; path = Info.plist; sourceTree = "<group>"; };
		0D9C30A72088E52C00DA5913 /* NSObject+XKSafe.m */ = {isa = PBXFileReference; fileEncoding = 4; lastKnownFileType = sourcecode.c.objc; path = "NSObject+XKSafe.m"; sourceTree = "<group>"; };
		0D9C30A82088E52C00DA5913 /* NSArray+XKSafe.h */ = {isa = PBXFileReference; fileEncoding = 4; lastKnownFileType = sourcecode.c.h; path = "NSArray+XKSafe.h"; sourceTree = "<group>"; };
		0D9C30A92088E52C00DA5913 /* NSObject+XKSafe.h */ = {isa = PBXFileReference; fileEncoding = 4; lastKnownFileType = sourcecode.c.h; path = "NSObject+XKSafe.h"; sourceTree = "<group>"; };
		0D9C30AA2088E52C00DA5913 /* NSArray+XKSafe.m */ = {isa = PBXFileReference; fileEncoding = 4; lastKnownFileType = sourcecode.c.objc; path = "NSArray+XKSafe.m"; sourceTree = "<group>"; };
/* End PBXFileReference section */

/* Begin PBXFrameworksBuildPhase section */
		0D9C306C2088E4AC00DA5913 /* Frameworks */ = {
			isa = PBXFrameworksBuildPhase;
			buildActionMask = 2147483647;
			files = (
			);
			runOnlyForDeploymentPostprocessing = 0;
		};
		0D9C30842088E4AD00DA5913 /* Frameworks */ = {
			isa = PBXFrameworksBuildPhase;
			buildActionMask = 2147483647;
			files = (
			);
			runOnlyForDeploymentPostprocessing = 0;
		};
		0D9C308F2088E4AD00DA5913 /* Frameworks */ = {
			isa = PBXFrameworksBuildPhase;
			buildActionMask = 2147483647;
			files = (
			);
			runOnlyForDeploymentPostprocessing = 0;
		};
/* End PBXFrameworksBuildPhase section */

/* Begin PBXGroup section */
		0D9C30662088E4AC00DA5913 = {
			isa = PBXGroup;
			children = (
				0D9C30A62088E52C00DA5913 /* XKSafeCrash */,
				0D9C30712088E4AC00DA5913 /* XKSafeCrashDemo */,
				0D9C308A2088E4AD00DA5913 /* XKSafeCrashDemoTests */,
				0D9C30952088E4AD00DA5913 /* XKSafeCrashDemoUITests */,
				0D9C30702088E4AC00DA5913 /* Products */,
			);
			sourceTree = "<group>";
		};
		0D9C30702088E4AC00DA5913 /* Products */ = {
			isa = PBXGroup;
			children = (
				0D9C306F2088E4AC00DA5913 /* XKSafeCrashDemo.app */,
				0D9C30872088E4AD00DA5913 /* XKSafeCrashDemoTests.xctest */,
				0D9C30922088E4AD00DA5913 /* XKSafeCrashDemoUITests.xctest */,
			);
			name = Products;
			sourceTree = "<group>";
		};
		0D9C30712088E4AC00DA5913 /* XKSafeCrashDemo */ = {
			isa = PBXGroup;
			children = (
				0D9C30722088E4AC00DA5913 /* AppDelegate.h */,
				0D9C30732088E4AC00DA5913 /* AppDelegate.m */,
				0D9C30752088E4AC00DA5913 /* ViewController.h */,
				0D9C30762088E4AC00DA5913 /* ViewController.m */,
				0D9C30782088E4AC00DA5913 /* Main.storyboard */,
				0D9C307B2088E4AD00DA5913 /* Assets.xcassets */,
				0D9C307D2088E4AD00DA5913 /* LaunchScreen.storyboard */,
				0D9C30802088E4AD00DA5913 /* Info.plist */,
				0D9C30812088E4AD00DA5913 /* main.m */,
			);
			path = XKSafeCrashDemo;
			sourceTree = "<group>";
		};
		0D9C308A2088E4AD00DA5913 /* XKSafeCrashDemoTests */ = {
			isa = PBXGroup;
			children = (
				0D9C308B2088E4AD00DA5913 /* XKSafeCrashDemoTests.m */,
				0D9C308D2088E4AD00DA5913 /* Info.plist */,
			);
			path = XKSafeCrashDemoTests;
			sourceTree = "<group>";
		};
		0D9C30952088E4AD00DA5913 /* XKSafeCrashDemoUITests */ = {
			isa = PBXGroup;
			children = (
				0D9C30962088E4AD00DA5913 /* XKSafeCrashDemoUITests.m */,
				0D9C30982088E4AD00DA5913 /* Info.plist */,
			);
			path = XKSafeCrashDemoUITests;
			sourceTree = "<group>";
		};
		0D9C30A62088E52C00DA5913 /* XKSafeCrash */ = {
			isa = PBXGroup;
			children = (
				0D9C30A72088E52C00DA5913 /* NSObject+XKSafe.m */,
				0D9C30A82088E52C00DA5913 /* NSArray+XKSafe.h */,
				0D9C30A92088E52C00DA5913 /* NSObject+XKSafe.h */,
				0D9C30AA2088E52C00DA5913 /* NSArray+XKSafe.m */,
			);
			path = XKSafeCrash;
			sourceTree = "<group>";
		};
/* End PBXGroup section */

/* Begin PBXNativeTarget section */
		0D9C306E2088E4AC00DA5913 /* XKSafeCrashDemo */ = {
			isa = PBXNativeTarget;
			buildConfigurationList = 0D9C309B2088E4AD00DA5913 /* Build configuration list for PBXNativeTarget "XKSafeCrashDemo" */;
			buildPhases = (
				0D9C306B2088E4AC00DA5913 /* Sources */,
				0D9C306C2088E4AC00DA5913 /* Frameworks */,
				0D9C306D2088E4AC00DA5913 /* Resources */,
			);
			buildRules = (
			);
			dependencies = (
			);
			name = XKSafeCrashDemo;
			productName = XKSafeCrashDemo;
			productReference = 0D9C306F2088E4AC00DA5913 /* XKSafeCrashDemo.app */;
			productType = "com.apple.product-type.application";
		};
		0D9C30862088E4AD00DA5913 /* XKSafeCrashDemoTests */ = {
			isa = PBXNativeTarget;
			buildConfigurationList = 0D9C309E2088E4AD00DA5913 /* Build configuration list for PBXNativeTarget "XKSafeCrashDemoTests" */;
			buildPhases = (
				0D9C30832088E4AD00DA5913 /* Sources */,
				0D9C30842088E4AD00DA5913 /* Frameworks */,
				0D9C30852088E4AD00DA5913 /* Resources */,
			);
			buildRules = (
			);
			dependencies = (
				0D9C30892088E4AD00DA5913 /* PBXTargetDependency */,
			);
			name = XKSafeCrashDemoTests;
			productName = XKSafeCrashDemoTests;
			productReference = 0D9C30872088E4AD00DA5913 /* XKSafeCrashDemoTests.xctest */;
			productType = "com.apple.product-type.bundle.unit-test";
		};
		0D9C30912088E4AD00DA5913 /* XKSafeCrashDemoUITests */ = {
			isa = PBXNativeTarget;
			buildConfigurationList = 0D9C30A12088E4AD00DA5913 /* Build configuration list for PBXNativeTarget "XKSafeCrashDemoUITests" */;
			buildPhases = (
				0D9C308E2088E4AD00DA5913 /* Sources */,
				0D9C308F2088E4AD00DA5913 /* Frameworks */,
				0D9C30902088E4AD00DA5913 /* Resources */,
			);
			buildRules = (
			);
			dependencies = (
				0D9C30942088E4AD00DA5913 /* PBXTargetDependency */,
			);
			name = XKSafeCrashDemoUITests;
			productName = XKSafeCrashDemoUITests;
			productReference = 0D9C30922088E4AD00DA5913 /* XKSafeCrashDemoUITests.xctest */;
			productType = "com.apple.product-type.bundle.ui-testing";
		};
/* End PBXNativeTarget section */

/* Begin PBXProject section */
		0D9C30672088E4AC00DA5913 /* Project object */ = {
			isa = PBXProject;
			attributes = {
				LastUpgradeCheck = 0930;
				ORGANIZATIONNAME = wangxiaokang;
				TargetAttributes = {
					0D9C306E2088E4AC00DA5913 = {
						CreatedOnToolsVersion = 9.3;
					};
					0D9C30862088E4AD00DA5913 = {
						CreatedOnToolsVersion = 9.3;
						TestTargetID = 0D9C306E2088E4AC00DA5913;
					};
					0D9C30912088E4AD00DA5913 = {
						CreatedOnToolsVersion = 9.3;
						TestTargetID = 0D9C306E2088E4AC00DA5913;
					};
				};
			};
			buildConfigurationList = 0D9C306A2088E4AC00DA5913 /* Build configuration list for PBXProject "XKSafeCrashDemo" */;
			compatibilityVersion = "Xcode 9.3";
			developmentRegion = en;
			hasScannedForEncodings = 0;
			knownRegions = (
				en,
				Base,
			);
			mainGroup = 0D9C30662088E4AC00DA5913;
			productRefGroup = 0D9C30702088E4AC00DA5913 /* Products */;
			projectDirPath = "";
			projectRoot = "";
			targets = (
				0D9C306E2088E4AC00DA5913 /* XKSafeCrashDemo */,
				0D9C30862088E4AD00DA5913 /* XKSafeCrashDemoTests */,
				0D9C30912088E4AD00DA5913 /* XKSafeCrashDemoUITests */,
			);
		};
/* End PBXProject section */

/* Begin PBXResourcesBuildPhase section */
		0D9C306D2088E4AC00DA5913 /* Resources */ = {
			isa = PBXResourcesBuildPhase;
			buildActionMask = 2147483647;
			files = (
				0D9C307F2088E4AD00DA5913 /* LaunchScreen.storyboard in Resources */,
				0D9C307C2088E4AD00DA5913 /* Assets.xcassets in Resources */,
				0D9C307A2088E4AC00DA5913 /* Main.storyboard in Resources */,
			);
			runOnlyForDeploymentPostprocessing = 0;
		};
		0D9C30852088E4AD00DA5913 /* Resources */ = {
			isa = PBXResourcesBuildPhase;
			buildActionMask = 2147483647;
			files = (
			);
			runOnlyForDeploymentPostprocessing = 0;
		};
		0D9C30902088E4AD00DA5913 /* Resources */ = {
			isa = PBXResourcesBuildPhase;
			buildActionMask = 2147483647;
			files = (
			);
			runOnlyForDeploymentPostprocessing = 0;
		};
/* End PBXResourcesBuildPhase section */

/* Begin PBXSourcesBuildPhase section */
		0D9C306B2088E4AC00DA5913 /* Sources */ = {
			isa = PBXSourcesBuildPhase;
			buildActionMask = 2147483647;
			files = (
				0D9C30772088E4AC00DA5913 /* ViewController.m in Sources */,
				0D9C30AC2088E52C00DA5913 /* NSArray+XKSafe.m in Sources */,
				0D9C30AB2088E52C00DA5913 /* NSObject+XKSafe.m in Sources */,
				0D9C30822088E4AD00DA5913 /* main.m in Sources */,
				0D9C30742088E4AC00DA5913 /* AppDelegate.m in Sources */,
			);
			runOnlyForDeploymentPostprocessing = 0;
		};
		0D9C30832088E4AD00DA5913 /* Sources */ = {
			isa = PBXSourcesBuildPhase;
			buildActionMask = 2147483647;
			files = (
				0D9C308C2088E4AD00DA5913 /* XKSafeCrashDemoTests.m in Sources */,
			);
			runOnlyForDeploymentPostprocessing = 0;
		};
		0D9C308E2088E4AD00DA5913 /* Sources */ = {
			isa = PBXSourcesBuildPhase;
			buildActionMask = 2147483647;
			files = (
				0D9C30972088E4AD00DA5913 /* XKSafeCrashDemoUITests.m in Sources */,
			);
			runOnlyForDeploymentPostprocessing = 0;
		};
/* End PBXSourcesBuildPhase section */

/* Begin PBXTargetDependency section */
		0D9C30892088E4AD00DA5913 /* PBXTargetDependency */ = {
			isa = PBXTargetDependency;
			target = 0D9C306E2088E4AC00DA5913 /* XKSafeCrashDemo */;
			targetProxy = 0D9C30882088E4AD00DA5913 /* PBXContainerItemProxy */;
		};
		0D9C30942088E4AD00DA5913 /* PBXTargetDependency */ = {
			isa = PBXTargetDependency;
			target = 0D9C306E2088E4AC00DA5913 /* XKSafeCrashDemo */;
			targetProxy = 0D9C30932088E4AD00DA5913 /* PBXContainerItemProxy */;
		};
/* End PBXTargetDependency section */

/* Begin PBXVariantGroup section */
		0D9C30782088E4AC00DA5913 /* Main.storyboard */ = {
			isa = PBXVariantGroup;
			children = (
				0D9C30792088E4AC00DA5913 /* Base */,
			);
			name = Main.storyboard;
			sourceTree = "<group>";
		};
		0D9C307D2088E4AD00DA5913 /* LaunchScreen.storyboard */ = {
			isa = PBXVariantGroup;
			children = (
				0D9C307E2088E4AD00DA5913 /* Base */,
			);
			name = LaunchScreen.storyboard;
			sourceTree = "<group>";
		};
/* End PBXVariantGroup section */

/* Begin XCBuildConfiguration section */
		0D9C30992088E4AD00DA5913 /* Debug */ = {
			isa = XCBuildConfiguration;
			buildSettings = {
				ALWAYS_SEARCH_USER_PATHS = NO;
				CLANG_ANALYZER_NONNULL = YES;
				CLANG_ANALYZER_NUMBER_OBJECT_CONVERSION = YES_AGGRESSIVE;
				CLANG_CXX_LANGUAGE_STANDARD = "gnu++14";
				CLANG_CXX_LIBRARY = "libc++";
				CLANG_ENABLE_MODULES = YES;
				CLANG_ENABLE_OBJC_ARC = YES;
				CLANG_ENABLE_OBJC_WEAK = YES;
				CLANG_WARN_BLOCK_CAPTURE_AUTORELEASING = YES;
				CLANG_WARN_BOOL_CONVERSION = YES;
				CLANG_WARN_COMMA = YES;
				CLANG_WARN_CONSTANT_CONVERSION = YES;
				CLANG_WARN_DEPRECATED_OBJC_IMPLEMENTATIONS = YES;
				CLANG_WARN_DIRECT_OBJC_ISA_USAGE = YES_ERROR;
				CLANG_WARN_DOCUMENTATION_COMMENTS = YES;
				CLANG_WARN_EMPTY_BODY = YES;
				CLANG_WARN_ENUM_CONVERSION = YES;
				CLANG_WARN_INFINITE_RECURSION = YES;
				CLANG_WARN_INT_CONVERSION = YES;
				CLANG_WARN_NON_LITERAL_NULL_CONVERSION = YES;
				CLANG_WARN_OBJC_IMPLICIT_RETAIN_SELF = YES;
				CLANG_WARN_OBJC_LITERAL_CONVERSION = YES;
				CLANG_WARN_OBJC_ROOT_CLASS = YES_ERROR;
				CLANG_WARN_RANGE_LOOP_ANALYSIS = YES;
				CLANG_WARN_STRICT_PROTOTYPES = YES;
				CLANG_WARN_SUSPICIOUS_MOVE = YES;
				CLANG_WARN_UNGUARDED_AVAILABILITY = YES_AGGRESSIVE;
				CLANG_WARN_UNREACHABLE_CODE = YES;
				CLANG_WARN__DUPLICATE_METHOD_MATCH = YES;
				CODE_SIGN_IDENTITY = "iPhone Developer";
				COPY_PHASE_STRIP = NO;
				DEBUG_INFORMATION_FORMAT = dwarf;
				ENABLE_STRICT_OBJC_MSGSEND = YES;
				ENABLE_TESTABILITY = YES;
				GCC_C_LANGUAGE_STANDARD = gnu11;
				GCC_DYNAMIC_NO_PIC = NO;
				GCC_NO_COMMON_BLOCKS = YES;
				GCC_OPTIMIZATION_LEVEL = 0;
				GCC_PREPROCESSOR_DEFINITIONS = (
					"DEBUG=1",
					"$(inherited)",
				);
				GCC_WARN_64_TO_32_BIT_CONVERSION = YES;
				GCC_WARN_ABOUT_RETURN_TYPE = YES_ERROR;
				GCC_WARN_UNDECLARED_SELECTOR = YES;
				GCC_WARN_UNINITIALIZED_AUTOS = YES_AGGRESSIVE;
				GCC_WARN_UNUSED_FUNCTION = YES;
				GCC_WARN_UNUSED_VARIABLE = YES;
				IPHONEOS_DEPLOYMENT_TARGET = 11.3;
				MTL_ENABLE_DEBUG_INFO = YES;
				ONLY_ACTIVE_ARCH = YES;
				SDKROOT = iphoneos;
			};
			name = Debug;
		};
		0D9C309A2088E4AD00DA5913 /* Release */ = {
			isa = XCBuildConfiguration;
			buildSettings = {
				ALWAYS_SEARCH_USER_PATHS = NO;
				CLANG_ANALYZER_NONNULL = YES;
				CLANG_ANALYZER_NUMBER_OBJECT_CONVERSION = YES_AGGRESSIVE;
				CLANG_CXX_LANGUAGE_STANDARD = "gnu++14";
				CLANG_CXX_LIBRARY = "libc++";
				CLANG_ENABLE_MODULES = YES;
				CLANG_ENABLE_OBJC_ARC = YES;
				CLANG_ENABLE_OBJC_WEAK = YES;
				CLANG_WARN_BLOCK_CAPTURE_AUTORELEASING = YES;
				CLANG_WARN_BOOL_CONVERSION = YES;
				CLANG_WARN_COMMA = YES;
				CLANG_WARN_CONSTANT_CONVERSION = YES;
				CLANG_WARN_DEPRECATED_OBJC_IMPLEMENTATIONS = YES;
				CLANG_WARN_DIRECT_OBJC_ISA_USAGE = YES_ERROR;
				CLANG_WARN_DOCUMENTATION_COMMENTS = YES;
				CLANG_WARN_EMPTY_BODY = YES;
				CLANG_WARN_ENUM_CONVERSION = YES;
				CLANG_WARN_INFINITE_RECURSION = YES;
				CLANG_WARN_INT_CONVERSION = YES;
				CLANG_WARN_NON_LITERAL_NULL_CONVERSION = YES;
				CLANG_WARN_OBJC_IMPLICIT_RETAIN_SELF = YES;
				CLANG_WARN_OBJC_LITERAL_CONVERSION = YES;
				CLANG_WARN_OBJC_ROOT_CLASS = YES_ERROR;
				CLANG_WARN_RANGE_LOOP_ANALYSIS = YES;
				CLANG_WARN_STRICT_PROTOTYPES = YES;
				CLANG_WARN_SUSPICIOUS_MOVE = YES;
				CLANG_WARN_UNGUARDED_AVAILABILITY = YES_AGGRESSIVE;
				CLANG_WARN_UNREACHABLE_CODE = YES;
				CLANG_WARN__DUPLICATE_METHOD_MATCH = YES;
				CODE_SIGN_IDENTITY = "iPhone Developer";
				COPY_PHASE_STRIP = NO;
				DEBUG_INFORMATION_FORMAT = "dwarf-with-dsym";
				ENABLE_NS_ASSERTIONS = NO;
				ENABLE_STRICT_OBJC_MSGSEND = YES;
				GCC_C_LANGUAGE_STANDARD = gnu11;
				GCC_NO_COMMON_BLOCKS = YES;
				GCC_WARN_64_TO_32_BIT_CONVERSION = YES;
				GCC_WARN_ABOUT_RETURN_TYPE = YES_ERROR;
				GCC_WARN_UNDECLARED_SELECTOR = YES;
				GCC_WARN_UNINITIALIZED_AUTOS = YES_AGGRESSIVE;
				GCC_WARN_UNUSED_FUNCTION = YES;
				GCC_WARN_UNUSED_VARIABLE = YES;
				IPHONEOS_DEPLOYMENT_TARGET = 11.3;
				MTL_ENABLE_DEBUG_INFO = NO;
				SDKROOT = iphoneos;
				VALIDATE_PRODUCT = YES;
			};
			name = Release;
		};
		0D9C309C2088E4AD00DA5913 /* Debug */ = {
			isa = XCBuildConfiguration;
			buildSettings = {
				ASSETCATALOG_COMPILER_APPICON_NAME = AppIcon;
				CODE_SIGN_STYLE = Automatic;
				INFOPLIST_FILE = XKSafeCrashDemo/Info.plist;
				LD_RUNPATH_SEARCH_PATHS = (
					"$(inherited)",
					"@executable_path/Frameworks",
				);
				PRODUCT_BUNDLE_IDENTIFIER = wxk.XKSafeCrashDemo;
				PRODUCT_NAME = "$(TARGET_NAME)";
				TARGETED_DEVICE_FAMILY = "1,2";
			};
			name = Debug;
		};
		0D9C309D2088E4AD00DA5913 /* Release */ = {
			isa = XCBuildConfiguration;
			buildSettings = {
				ASSETCATALOG_COMPILER_APPICON_NAME = AppIcon;
				CODE_SIGN_STYLE = Automatic;
				INFOPLIST_FILE = XKSafeCrashDemo/Info.plist;
				LD_RUNPATH_SEARCH_PATHS = (
					"$(inherited)",
					"@executable_path/Frameworks",
				);
				PRODUCT_BUNDLE_IDENTIFIER = wxk.XKSafeCrashDemo;
				PRODUCT_NAME = "$(TARGET_NAME)";
				TARGETED_DEVICE_FAMILY = "1,2";
			};
			name = Release;
		};
		0D9C309F2088E4AD00DA5913 /* Debug */ = {
			isa = XCBuildConfiguration;
			buildSettings = {
				BUNDLE_LOADER = "$(TEST_HOST)";
				CODE_SIGN_STYLE = Automatic;
				INFOPLIST_FILE = XKSafeCrashDemoTests/Info.plist;
				LD_RUNPATH_SEARCH_PATHS = (
					"$(inherited)",
					"@executable_path/Frameworks",
					"@loader_path/Frameworks",
				);
				PRODUCT_BUNDLE_IDENTIFIER = wxk.XKSafeCrashDemoTests;
				PRODUCT_NAME = "$(TARGET_NAME)";
				TARGETED_DEVICE_FAMILY = "1,2";
				TEST_HOST = "$(BUILT_PRODUCTS_DIR)/XKSafeCrashDemo.app/XKSafeCrashDemo";
			};
			name = Debug;
		};
		0D9C30A02088E4AD00DA5913 /* Release */ = {
			isa = XCBuildConfiguration;
			buildSettings = {
				BUNDLE_LOADER = "$(TEST_HOST)";
				CODE_SIGN_STYLE = Automatic;
				INFOPLIST_FILE = XKSafeCrashDemoTests/Info.plist;
				LD_RUNPATH_SEARCH_PATHS = (
					"$(inherited)",
					"@executable_path/Frameworks",
					"@loader_path/Frameworks",
				);
				PRODUCT_BUNDLE_IDENTIFIER = wxk.XKSafeCrashDemoTests;
				PRODUCT_NAME = "$(TARGET_NAME)";
				TARGETED_DEVICE_FAMILY = "1,2";
				TEST_HOST = "$(BUILT_PRODUCTS_DIR)/XKSafeCrashDemo.app/XKSafeCrashDemo";
			};
			name = Release;
		};
		0D9C30A22088E4AD00DA5913 /* Debug */ = {
			isa = XCBuildConfiguration;
			buildSettings = {
				CODE_SIGN_STYLE = Automatic;
				INFOPLIST_FILE = XKSafeCrashDemoUITests/Info.plist;
				LD_RUNPATH_SEARCH_PATHS = (
					"$(inherited)",
					"@executable_path/Frameworks",
					"@loader_path/Frameworks",
				);
				PRODUCT_BUNDLE_IDENTIFIER = wxk.XKSafeCrashDemoUITests;
				PRODUCT_NAME = "$(TARGET_NAME)";
				TARGETED_DEVICE_FAMILY = "1,2";
				TEST_TARGET_NAME = XKSafeCrashDemo;
			};
			name = Debug;
		};
		0D9C30A32088E4AD00DA5913 /* Release */ = {
			isa = XCBuildConfiguration;
			buildSettings = {
				CODE_SIGN_STYLE = Automatic;
				INFOPLIST_FILE = XKSafeCrashDemoUITests/Info.plist;
				LD_RUNPATH_SEARCH_PATHS = (
					"$(inherited)",
					"@executable_path/Frameworks",
					"@loader_path/Frameworks",
				);
				PRODUCT_BUNDLE_IDENTIFIER = wxk.XKSafeCrashDemoUITests;
				PRODUCT_NAME = "$(TARGET_NAME)";
				TARGETED_DEVICE_FAMILY = "1,2";
				TEST_TARGET_NAME = XKSafeCrashDemo;
			};
			name = Release;
		};
/* End XCBuildConfiguration section */

/* Begin XCConfigurationList section */
		0D9C306A2088E4AC00DA5913 /* Build configuration list for PBXProject "XKSafeCrashDemo" */ = {
			isa = XCConfigurationList;
			buildConfigurations = (
				0D9C30992088E4AD00DA5913 /* Debug */,
				0D9C309A2088E4AD00DA5913 /* Release */,
			);
			defaultConfigurationIsVisible = 0;
			defaultConfigurationName = Release;
		};
		0D9C309B2088E4AD00DA5913 /* Build configuration list for PBXNativeTarget "XKSafeCrashDemo" */ = {
			isa = XCConfigurationList;
			buildConfigurations = (
				0D9C309C2088E4AD00DA5913 /* Debug */,
				0D9C309D2088E4AD00DA5913 /* Release */,
			);
			defaultConfigurationIsVisible = 0;
			defaultConfigurationName = Release;
		};
		0D9C309E2088E4AD00DA5913 /* Build configuration list for PBXNativeTarget "XKSafeCrashDemoTests" */ = {
			isa = XCConfigurationList;
			buildConfigurations = (
				0D9C309F2088E4AD00DA5913 /* Debug */,
				0D9C30A02088E4AD00DA5913 /* Release */,
			);
			defaultConfigurationIsVisible = 0;
			defaultConfigurationName = Release;
		};
		0D9C30A12088E4AD00DA5913 /* Build configuration list for PBXNativeTarget "XKSafeCrashDemoUITests" */ = {
			isa = XCConfigurationList;
			buildConfigurations = (
				0D9C30A22088E4AD00DA5913 /* Debug */,
				0D9C30A32088E4AD00DA5913 /* Release */,
			);
			defaultConfigurationIsVisible = 0;
			defaultConfigurationName = Release;
		};
/* End XCConfigurationList section */
	};
	rootObject = 0D9C30672088E4AC00DA5913 /* Project object */;
}
